{
  "name": "memory-game-separate-context-xstate",
  "lockfileVersion": 2,
  "requires": true,
  "packages": {
    "": {
      "dependencies": {
        "xstate": "^4.32.0"
      }
    },
    "node_modules/xstate": {
      "version": "4.32.0",
      "resolved": "https://registry.npmjs.org/xstate/-/xstate-4.32.0.tgz",
      "integrity": "sha512-62gETqwnw4pBRe+tVWMt8hLgWEU8lq2qO8VN5PWmTELceRVt3I1bu1cwdraVRHUn4Bb2lnhNzn1A73oShuC+8g==",
      "funding": {
        "type": "opencollective",
        "url": "https://opencollective.com/xstate"
      }
    }
  },
  "dependencies": {
    "xstate": {
      "version": "4.32.0",
      "resolved": "https://registry.npmjs.org/xstate/-/xstate-4.32.0.tgz",
      "integrity": "sha512-62gETqwnw4pBRe+tVWMt8hLgWEU8lq2qO8VN5PWmTELceRVt3I1bu1cwdraVRHUn4Bb2lnhNzn1A73oShuC+8g=="
    }
  }
}
